
Microsoft Visual Studio Solution File, Format Version 12.00
# Visual Studio Version 16
VisualStudioVersion = 16.0.29613.14
MinimumVisualStudioVersion = 10.0.40219.1
Project("{FAE04EC0-301F-11D3-BF4B-00C04F79EFBC}") = "OZIRSALIYE", "OZIRSALIYE\OZIRSALIYE.csproj", "{429011AD-1926-4A55-8DF5-0927D4C18B7B}"
EndProject
Project("{54435603-DBB4-11D2-8724-00A0C9A8B90C}") = "Setup1", "Setup1\Setup1.vdproj", "{7078217C-A822-46F5-B970-B735429C4256}"
EndProject
Global
	GlobalSection(SolutionConfigurationPlatforms) = preSolution
		Debug|Any CPU = Debug|Any CPU
		Release|Any CPU = Release|Any CPU
	EndGlobalSection
	GlobalSection(ProjectConfigurationPlatforms) = postSolution
		{429011AD-1926-4A55-8DF5-0927D4C18B7B}.Debug|Any CPU.ActiveCfg = Debug|Any CPU
		{429011AD-1926-4A55-8DF5-0927D4C18B7B}.Debug|Any CPU.Build.0 = Debug|Any CPU
		{429011AD-1926-4A55-8DF5-0927D4C18B7B}.Release|Any CPU.ActiveCfg = Release|Any CPU
		{429011AD-1926-4A55-8DF5-0927D4C18B7B}.Release|Any CPU.Build.0 = Release|Any CPU
		{7078217C-A822-46F5-B970-B735429C4256}.Debug|Any CPU.ActiveCfg = Debug
		{7078217C-A822-46F5-B970-B735429C4256}.Release|Any CPU.ActiveCfg = Release
	EndGlobalSection
	GlobalSection(SolutionProperties) = preSolution
		HideSolutionNode = FALSE
	EndGlobalSection
	GlobalSection(ExtensibilityGlobals) = postSolution
		SolutionGuid = {863ECD3A-A7E9-4A8F-B1A3-E723A9CCFBEB}
	EndGlobalSection
EndGlobal
